{
  "name": "@ceramicnetwork/rpc-iframe",
  "version": "0.7.0",
  "lockfileVersion": 2,
  "requires": true,
  "packages": {
    "": {
      "name": "@ceramicnetwork/rpc-iframe",
      "version": "0.7.0",
      "license": "(Apache-2.0 OR MIT)",
      "dependencies": {
        "rpc-utils": "^0.2.0",
        "rxjs": "^6.6.6"
      },
      "devDependencies": {
        "tslib": "^2.1.0"
      },
      "engines": {
        "node": ">=12"
      }
    },
    "node_modules/nanoid": {
      "version": "3.1.20",
      "resolved": "https://registry.npmjs.org/nanoid/-/nanoid-3.1.20.tgz",
      "integrity": "sha512-a1cQNyczgKbLX9jwbS/+d7W8fX/RfgYR7lVWwWOGIPNgK2m0MWvrGF6/m4kk6U3QcFMnZf3RIhL0v2Jgh/0Uxw==",
      "bin": {
        "nanoid": "bin/nanoid.cjs"
      },
      "engines": {
        "node": "^10 || ^12 || ^13.7 || ^14 || >=15.0.1"
      }
    },
    "node_modules/rpc-utils": {
      "version": "0.2.0",
      "resolved": "https://registry.npmjs.org/rpc-utils/-/rpc-utils-0.2.0.tgz",
      "integrity": "sha512-yL79evfiNAac9B2Q48u3jKDMFt5jSZu9UVRiKa3sUxvKefjUTxoGC9w5wAX7oFY+AdW1UbZBPgaQvhQnsZOUQw==",
      "dependencies": {
        "nanoid": "^3.1.18"
      },
      "engines": {
        "node": ">=12"
      }
    },
    "node_modules/rxjs": {
      "version": "6.6.6",
      "resolved": "https://registry.npmjs.org/rxjs/-/rxjs-6.6.6.tgz",
      "integrity": "sha512-/oTwee4N4iWzAMAL9xdGKjkEHmIwupR3oXbQjCKywF1BeFohswF3vZdogbmEF6pZkOsXTzWkrZszrWpQTByYVg==",
      "dependencies": {
        "tslib": "^1.9.0"
      },
      "engines": {
        "npm": ">=2.0.0"
      }
    },
    "node_modules/rxjs/node_modules/tslib": {
      "version": "1.14.1",
      "resolved": "https://registry.npmjs.org/tslib/-/tslib-1.14.1.tgz",
      "integrity": "sha512-Xni35NKzjgMrwevysHTCArtLDpPvye8zV/0E4EyYn43P7/7qvQwPh9BGkHewbMulVntbigmcT7rdX3BNo9wRJg=="
    },
    "node_modules/tslib": {
      "version": "2.1.0",
      "dev": true,
      "license": "0BSD"
    }
  },
  "dependencies": {
    "nanoid": {
      "version": "3.1.20",
      "resolved": "https://registry.npmjs.org/nanoid/-/nanoid-3.1.20.tgz",
      "integrity": "sha512-a1cQNyczgKbLX9jwbS/+d7W8fX/RfgYR7lVWwWOGIPNgK2m0MWvrGF6/m4kk6U3QcFMnZf3RIhL0v2Jgh/0Uxw=="
    },
    "rpc-utils": {
      "version": "0.2.0",
      "resolved": "https://registry.npmjs.org/rpc-utils/-/rpc-utils-0.2.0.tgz",
      "integrity": "sha512-yL79evfiNAac9B2Q48u3jKDMFt5jSZu9UVRiKa3sUxvKefjUTxoGC9w5wAX7oFY+AdW1UbZBPgaQvhQnsZOUQw==",
      "requires": {
        "nanoid": "^3.1.18"
      }
    },
    "rxjs": {
      "version": "6.6.6",
      "resolved": "https://registry.npmjs.org/rxjs/-/rxjs-6.6.6.tgz",
      "integrity": "sha512-/oTwee4N4iWzAMAL9xdGKjkEHmIwupR3oXbQjCKywF1BeFohswF3vZdogbmEF6pZkOsXTzWkrZszrWpQTByYVg==",
      "requires": {
        "tslib": "^1.9.0"
      },
      "dependencies": {
        "tslib": {
          "version": "1.14.1",
          "resolved": "https://registry.npmjs.org/tslib/-/tslib-1.14.1.tgz",
          "integrity": "sha512-Xni35NKzjgMrwevysHTCArtLDpPvye8zV/0E4EyYn43P7/7qvQwPh9BGkHewbMulVntbigmcT7rdX3BNo9wRJg=="
        }
      }
    },
    "tslib": {
      "version": "2.1.0",
      "dev": true
    }
  }
}
